
Microsoft Visual Studio Solution File, Format Version 12.00
# Visual Studio Version 17
VisualStudioVersion = 17.2.32519.379
MinimumVisualStudioVersion = 10.0.40219.1
Project("{FAE04EC0-301F-11D3-BF4B-00C04F79EFBC}") = "SamplePrismApp", "SamplePrismApp\SamplePrismApp\SamplePrismApp.csproj", "{674F11EF-2CB4-43B1-B5FE-EA382D36CBE2}"
EndProject
Project("{FAE04EC0-301F-11D3-BF4B-00C04F79EFBC}") = "SamplePrismApp.Android", "SamplePrismApp\SamplePrismApp.Android\SamplePrismApp.Android.csproj", "{23344042-8B1A-4B95-AF16-B4FFAC11D006}"
EndProject
Project("{FAE04EC0-301F-11D3-BF4B-00C04F79EFBC}") = "SamplePrismApp.iOS", "SamplePrismApp\SamplePrismApp.iOS\SamplePrismApp.iOS.csproj", "{9449B129-0A52-490B-96EF-3B3468A94612}"
EndProject
Project("{FAE04EC0-301F-11D3-BF4B-00C04F79EFBC}") = "ModuleA", "ModuleA\ModuleA.csproj", "{29C9D4C4-206E-4534-A536-CEEA61103167}"
EndProject
Project("{FAE04EC0-301F-11D3-BF4B-00C04F79EFBC}") = "ModuleB", "ModuleB\ModuleB.csproj", "{49B8A6CE-65C7-44F6-8A31-BD2A17E8A8FD}"
EndProject
Project("{FAE04EC0-301F-11D3-BF4B-00C04F79EFBC}") = "SampleSharedLib", "SampleSharedLib\SampleSharedLib.csproj", "{CA506D76-2DCE-42A5-9567-666109C78C25}"
EndProject
Global
	GlobalSection(SolutionConfigurationPlatforms) = preSolution
		Ad-Hoc|Any CPU = Ad-Hoc|Any CPU
		Ad-Hoc|iPhone = Ad-Hoc|iPhone
		Ad-Hoc|iPhoneSimulator = Ad-Hoc|iPhoneSimulator
		AppStore|Any CPU = AppStore|Any CPU
		AppStore|iPhone = AppStore|iPhone
		AppStore|iPhoneSimulator = AppStore|iPhoneSimulator
		Debug|Any CPU = Debug|Any CPU
		Debug|iPhone = Debug|iPhone
		Debug|iPhoneSimulator = Debug|iPhoneSimulator
		Release|Any CPU = Release|Any CPU
		Release|iPhone = Release|iPhone
		Release|iPhoneSimulator = Release|iPhoneSimulator
	EndGlobalSection
	GlobalSection(ProjectConfigurationPlatforms) = postSolution
		{674F11EF-2CB4-43B1-B5FE-EA382D36CBE2}.Ad-Hoc|Any CPU.ActiveCfg = Debug|Any CPU
		{674F11EF-2CB4-43B1-B5FE-EA382D36CBE2}.Ad-Hoc|Any CPU.Build.0 = Debug|Any CPU
		{674F11EF-2CB4-43B1-B5FE-EA382D36CBE2}.Ad-Hoc|iPhone.ActiveCfg = Debug|Any CPU
		{674F11EF-2CB4-43B1-B5FE-EA382D36CBE2}.Ad-Hoc|iPhone.Build.0 = Debug|Any CPU
		{674F11EF-2CB4-43B1-B5FE-EA382D36CBE2}.Ad-Hoc|iPhoneSimulator.ActiveCfg = Debug|Any CPU
		{674F11EF-2CB4-43B1-B5FE-EA382D36CBE2}.Ad-Hoc|iPhoneSimulator.Build.0 = Debug|Any CPU
		{674F11EF-2CB4-43B1-B5FE-EA382D36CBE2}.AppStore|Any CPU.ActiveCfg = Debug|Any CPU
		{674F11EF-2CB4-43B1-B5FE-EA382D36CBE2}.AppStore|Any CPU.Build.0 = Debug|Any CPU
		{674F11EF-2CB4-43B1-B5FE-EA382D36CBE2}.AppStore|iPhone.ActiveCfg = Debug|Any CPU
		{674F11EF-2CB4-43B1-B5FE-EA382D36CBE2}.AppStore|iPhone.Build.0 = Debug|Any CPU
		{674F11EF-2CB4-43B1-B5FE-EA382D36CBE2}.AppStore|iPhoneSimulator.ActiveCfg = Debug|Any CPU
		{674F11EF-2CB4-43B1-B5FE-EA382D36CBE2}.AppStore|iPhoneSimulator.Build.0 = Debug|Any CPU
		{674F11EF-2CB4-43B1-B5FE-EA382D36CBE2}.Debug|Any CPU.ActiveCfg = Debug|Any CPU
		{674F11EF-2CB4-43B1-B5FE-EA382D36CBE2}.Debug|Any CPU.Build.0 = Debug|Any CPU
		{674F11EF-2CB4-43B1-B5FE-EA382D36CBE2}.Debug|iPhone.ActiveCfg = Debug|Any CPU
		{674F11EF-2CB4-43B1-B5FE-EA382D36CBE2}.Debug|iPhone.Build.0 = Debug|Any CPU
		{674F11EF-2CB4-43B1-B5FE-EA382D36CBE2}.Debug|iPhoneSimulator.ActiveCfg = Debug|Any CPU
		{674F11EF-2CB4-43B1-B5FE-EA382D36CBE2}.Debug|iPhoneSimulator.Build.0 = Debug|Any CPU
		{674F11EF-2CB4-43B1-B5FE-EA382D36CBE2}.Release|Any CPU.ActiveCfg = Release|Any CPU
		{674F11EF-2CB4-43B1-B5FE-EA382D36CBE2}.Release|Any CPU.Build.0 = Release|Any CPU
		{674F11EF-2CB4-43B1-B5FE-EA382D36CBE2}.Release|iPhone.ActiveCfg = Release|Any CPU
		{674F11EF-2CB4-43B1-B5FE-EA382D36CBE2}.Release|iPhone.Build.0 = Release|Any CPU
		{674F11EF-2CB4-43B1-B5FE-EA382D36CBE2}.Release|iPhoneSimulator.ActiveCfg = Release|Any CPU
		{674F11EF-2CB4-43B1-B5FE-EA382D36CBE2}.Release|iPhoneSimulator.Build.0 = Release|Any CPU
		{23344042-8B1A-4B95-AF16-B4FFAC11D006}.Ad-Hoc|Any CPU.ActiveCfg = Debug|Any CPU
		{23344042-8B1A-4B95-AF16-B4FFAC11D006}.Ad-Hoc|Any CPU.Build.0 = Debug|Any CPU
		{23344042-8B1A-4B95-AF16-B4FFAC11D006}.Ad-Hoc|Any CPU.Deploy.0 = Debug|Any CPU
		{23344042-8B1A-4B95-AF16-B4FFAC11D006}.Ad-Hoc|iPhone.ActiveCfg = Debug|Any CPU
		{23344042-8B1A-4B95-AF16-B4FFAC11D006}.Ad-Hoc|iPhone.Build.0 = Debug|Any CPU
		{23344042-8B1A-4B95-AF16-B4FFAC11D006}.Ad-Hoc|iPhone.Deploy.0 = Debug|Any CPU
		{23344042-8B1A-4B95-AF16-B4FFAC11D006}.Ad-Hoc|iPhoneSimulator.ActiveCfg = Debug|Any CPU
		{23344042-8B1A-4B95-AF16-B4FFAC11D006}.Ad-Hoc|iPhoneSimulator.Build.0 = Debug|Any CPU
		{23344042-8B1A-4B95-AF16-B4FFAC11D006}.Ad-Hoc|iPhoneSimulator.Deploy.0 = Debug|Any CPU
		{23344042-8B1A-4B95-AF16-B4FFAC11D006}.AppStore|Any CPU.ActiveCfg = Debug|Any CPU
		{23344042-8B1A-4B95-AF16-B4FFAC11D006}.AppStore|Any CPU.Build.0 = Debug|Any CPU
		{23344042-8B1A-4B95-AF16-B4FFAC11D006}.AppStore|Any CPU.Deploy.0 = Debug|Any CPU
		{23344042-8B1A-4B95-AF16-B4FFAC11D006}.AppStore|iPhone.ActiveCfg = Debug|Any CPU
		{23344042-8B1A-4B95-AF16-B4FFAC11D006}.AppStore|iPhone.Build.0 = Debug|Any CPU
		{23344042-8B1A-4B95-AF16-B4FFAC11D006}.AppStore|iPhone.Deploy.0 = Debug|Any CPU
		{23344042-8B1A-4B95-AF16-B4FFAC11D006}.AppStore|iPhoneSimulator.ActiveCfg = Debug|Any CPU
		{23344042-8B1A-4B95-AF16-B4FFAC11D006}.AppStore|iPhoneSimulator.Build.0 = Debug|Any CPU
		{23344042-8B1A-4B95-AF16-B4FFAC11D006}.AppStore|iPhoneSimulator.Deploy.0 = Debug|Any CPU
		{23344042-8B1A-4B95-AF16-B4FFAC11D006}.Debug|Any CPU.ActiveCfg = Debug|Any CPU
		{23344042-8B1A-4B95-AF16-B4FFAC11D006}.Debug|Any CPU.Build.0 = Debug|Any CPU
		{23344042-8B1A-4B95-AF16-B4FFAC11D006}.Debug|Any CPU.Deploy.0 = Debug|Any CPU
		{23344042-8B1A-4B95-AF16-B4FFAC11D006}.Debug|iPhone.ActiveCfg = Debug|Any CPU
		{23344042-8B1A-4B95-AF16-B4FFAC11D006}.Debug|iPhone.Build.0 = Debug|Any CPU
		{23344042-8B1A-4B95-AF16-B4FFAC11D006}.Debug|iPhone.Deploy.0 = Debug|Any CPU
		{23344042-8B1A-4B95-AF16-B4FFAC11D006}.Debug|iPhoneSimulator.ActiveCfg = Debug|Any CPU
		{23344042-8B1A-4B95-AF16-B4FFAC11D006}.Debug|iPhoneSimulator.Build.0 = Debug|Any CPU
		{23344042-8B1A-4B95-AF16-B4FFAC11D006}.Debug|iPhoneSimulator.Deploy.0 = Debug|Any CPU
		{23344042-8B1A-4B95-AF16-B4FFAC11D006}.Release|Any CPU.ActiveCfg = Release|Any CPU
		{23344042-8B1A-4B95-AF16-B4FFAC11D006}.Release|Any CPU.Build.0 = Release|Any CPU
		{23344042-8B1A-4B95-AF16-B4FFAC11D006}.Release|Any CPU.Deploy.0 = Release|Any CPU
		{23344042-8B1A-4B95-AF16-B4FFAC11D006}.Release|iPhone.ActiveCfg = Release|Any CPU
		{23344042-8B1A-4B95-AF16-B4FFAC11D006}.Release|iPhone.Build.0 = Release|Any CPU
		{23344042-8B1A-4B95-AF16-B4FFAC11D006}.Release|iPhone.Deploy.0 = Release|Any CPU
		{23344042-8B1A-4B95-AF16-B4FFAC11D006}.Release|iPhoneSimulator.ActiveCfg = Release|Any CPU
		{23344042-8B1A-4B95-AF16-B4FFAC11D006}.Release|iPhoneSimulator.Build.0 = Release|Any CPU
		{23344042-8B1A-4B95-AF16-B4FFAC11D006}.Release|iPhoneSimulator.Deploy.0 = Release|Any CPU
		{9449B129-0A52-490B-96EF-3B3468A94612}.Ad-Hoc|Any CPU.ActiveCfg = Ad-Hoc|iPhoneSimulator
		{9449B129-0A52-490B-96EF-3B3468A94612}.Ad-Hoc|Any CPU.Build.0 = Ad-Hoc|iPhoneSimulator
		{9449B129-0A52-490B-96EF-3B3468A94612}.Ad-Hoc|iPhone.ActiveCfg = Ad-Hoc|iPhone
		{9449B129-0A52-490B-96EF-3B3468A94612}.Ad-Hoc|iPhone.Build.0 = Ad-Hoc|iPhone
		{9449B129-0A52-490B-96EF-3B3468A94612}.Ad-Hoc|iPhoneSimulator.ActiveCfg = Ad-Hoc|iPhoneSimulator
		{9449B129-0A52-490B-96EF-3B3468A94612}.Ad-Hoc|iPhoneSimulator.Build.0 = Ad-Hoc|iPhoneSimulator
		{9449B129-0A52-490B-96EF-3B3468A94612}.AppStore|Any CPU.ActiveCfg = AppStore|iPhoneSimulator
		{9449B129-0A52-490B-96EF-3B3468A94612}.AppStore|Any CPU.Build.0 = AppStore|iPhoneSimulator
		{9449B129-0A52-490B-96EF-3B3468A94612}.AppStore|iPhone.ActiveCfg = AppStore|iPhone
		{9449B129-0A52-490B-96EF-3B3468A94612}.AppStore|iPhone.Build.0 = AppStore|iPhone
		{9449B129-0A52-490B-96EF-3B3468A94612}.AppStore|iPhoneSimulator.ActiveCfg = AppStore|iPhoneSimulator
		{9449B129-0A52-490B-96EF-3B3468A94612}.AppStore|iPhoneSimulator.Build.0 = AppStore|iPhoneSimulator
		{9449B129-0A52-490B-96EF-3B3468A94612}.Debug|Any CPU.ActiveCfg = Debug|iPhoneSimulator
		{9449B129-0A52-490B-96EF-3B3468A94612}.Debug|Any CPU.Build.0 = Debug|iPhoneSimulator
		{9449B129-0A52-490B-96EF-3B3468A94612}.Debug|iPhone.ActiveCfg = Debug|iPhone
		{9449B129-0A52-490B-96EF-3B3468A94612}.Debug|iPhone.Build.0 = Debug|iPhone
		{9449B129-0A52-490B-96EF-3B3468A94612}.Debug|iPhoneSimulator.ActiveCfg = Debug|iPhoneSimulator
		{9449B129-0A52-490B-96EF-3B3468A94612}.Debug|iPhoneSimulator.Build.0 = Debug|iPhoneSimulator
		{9449B129-0A52-490B-96EF-3B3468A94612}.Release|Any CPU.ActiveCfg = Release|iPhoneSimulator
		{9449B129-0A52-490B-96EF-3B3468A94612}.Release|Any CPU.Build.0 = Release|iPhoneSimulator
		{9449B129-0A52-490B-96EF-3B3468A94612}.Release|iPhone.ActiveCfg = Release|iPhone
		{9449B129-0A52-490B-96EF-3B3468A94612}.Release|iPhone.Build.0 = Release|iPhone
		{9449B129-0A52-490B-96EF-3B3468A94612}.Release|iPhoneSimulator.ActiveCfg = Release|iPhoneSimulator
		{9449B129-0A52-490B-96EF-3B3468A94612}.Release|iPhoneSimulator.Build.0 = Release|iPhoneSimulator
		{29C9D4C4-206E-4534-A536-CEEA61103167}.Ad-Hoc|Any CPU.ActiveCfg = Debug|Any CPU
		{29C9D4C4-206E-4534-A536-CEEA61103167}.Ad-Hoc|Any CPU.Build.0 = Debug|Any CPU
		{29C9D4C4-206E-4534-A536-CEEA61103167}.Ad-Hoc|iPhone.ActiveCfg = Debug|Any CPU
		{29C9D4C4-206E-4534-A536-CEEA61103167}.Ad-Hoc|iPhone.Build.0 = Debug|Any CPU
		{29C9D4C4-206E-4534-A536-CEEA61103167}.Ad-Hoc|iPhoneSimulator.ActiveCfg = Debug|Any CPU
		{29C9D4C4-206E-4534-A536-CEEA61103167}.Ad-Hoc|iPhoneSimulator.Build.0 = Debug|Any CPU
		{29C9D4C4-206E-4534-A536-CEEA61103167}.AppStore|Any CPU.ActiveCfg = Debug|Any CPU
		{29C9D4C4-206E-4534-A536-CEEA61103167}.AppStore|Any CPU.Build.0 = Debug|Any CPU
		{29C9D4C4-206E-4534-A536-CEEA61103167}.AppStore|iPhone.ActiveCfg = Debug|Any CPU
		{29C9D4C4-206E-4534-A536-CEEA61103167}.AppStore|iPhone.Build.0 = Debug|Any CPU
		{29C9D4C4-206E-4534-A536-CEEA61103167}.AppStore|iPhoneSimulator.ActiveCfg = Debug|Any CPU
		{29C9D4C4-206E-4534-A536-CEEA61103167}.AppStore|iPhoneSimulator.Build.0 = Debug|Any CPU
		{29C9D4C4-206E-4534-A536-CEEA61103167}.Debug|Any CPU.ActiveCfg = Debug|Any CPU
		{29C9D4C4-206E-4534-A536-CEEA61103167}.Debug|Any CPU.Build.0 = Debug|Any CPU
		{29C9D4C4-206E-4534-A536-CEEA61103167}.Debug|iPhone.ActiveCfg = Debug|Any CPU
		{29C9D4C4-206E-4534-A536-CEEA61103167}.Debug|iPhone.Build.0 = Debug|Any CPU
		{29C9D4C4-206E-4534-A536-CEEA61103167}.Debug|iPhoneSimulator.ActiveCfg = Debug|Any CPU
		{29C9D4C4-206E-4534-A536-CEEA61103167}.Debug|iPhoneSimulator.Build.0 = Debug|Any CPU
		{29C9D4C4-206E-4534-A536-CEEA61103167}.Release|Any CPU.ActiveCfg = Release|Any CPU
		{29C9D4C4-206E-4534-A536-CEEA61103167}.Release|Any CPU.Build.0 = Release|Any CPU
		{29C9D4C4-206E-4534-A536-CEEA61103167}.Release|iPhone.ActiveCfg = Release|Any CPU
		{29C9D4C4-206E-4534-A536-CEEA61103167}.Release|iPhone.Build.0 = Release|Any CPU
		{29C9D4C4-206E-4534-A536-CEEA61103167}.Release|iPhoneSimulator.ActiveCfg = Release|Any CPU
		{29C9D4C4-206E-4534-A536-CEEA61103167}.Release|iPhoneSimulator.Build.0 = Release|Any CPU
		{49B8A6CE-65C7-44F6-8A31-BD2A17E8A8FD}.Ad-Hoc|Any CPU.ActiveCfg = Debug|Any CPU
		{49B8A6CE-65C7-44F6-8A31-BD2A17E8A8FD}.Ad-Hoc|Any CPU.Build.0 = Debug|Any CPU
		{49B8A6CE-65C7-44F6-8A31-BD2A17E8A8FD}.Ad-Hoc|iPhone.ActiveCfg = Debug|Any CPU
		{49B8A6CE-65C7-44F6-8A31-BD2A17E8A8FD}.Ad-Hoc|iPhone.Build.0 = Debug|Any CPU
		{49B8A6CE-65C7-44F6-8A31-BD2A17E8A8FD}.Ad-Hoc|iPhoneSimulator.ActiveCfg = Debug|Any CPU
		{49B8A6CE-65C7-44F6-8A31-BD2A17E8A8FD}.Ad-Hoc|iPhoneSimulator.Build.0 = Debug|Any CPU
		{49B8A6CE-65C7-44F6-8A31-BD2A17E8A8FD}.AppStore|Any CPU.ActiveCfg = Debug|Any CPU
		{49B8A6CE-65C7-44F6-8A31-BD2A17E8A8FD}.AppStore|Any CPU.Build.0 = Debug|Any CPU
		{49B8A6CE-65C7-44F6-8A31-BD2A17E8A8FD}.AppStore|iPhone.ActiveCfg = Debug|Any CPU
		{49B8A6CE-65C7-44F6-8A31-BD2A17E8A8FD}.AppStore|iPhone.Build.0 = Debug|Any CPU
		{49B8A6CE-65C7-44F6-8A31-BD2A17E8A8FD}.AppStore|iPhoneSimulator.ActiveCfg = Debug|Any CPU
		{49B8A6CE-65C7-44F6-8A31-BD2A17E8A8FD}.AppStore|iPhoneSimulator.Build.0 = Debug|Any CPU
		{49B8A6CE-65C7-44F6-8A31-BD2A17E8A8FD}.Debug|Any CPU.ActiveCfg = Debug|Any CPU
		{49B8A6CE-65C7-44F6-8A31-BD2A17E8A8FD}.Debug|Any CPU.Build.0 = Debug|Any CPU
		{49B8A6CE-65C7-44F6-8A31-BD2A17E8A8FD}.Debug|iPhone.ActiveCfg = Debug|Any CPU
		{49B8A6CE-65C7-44F6-8A31-BD2A17E8A8FD}.Debug|iPhone.Build.0 = Debug|Any CPU
		{49B8A6CE-65C7-44F6-8A31-BD2A17E8A8FD}.Debug|iPhoneSimulator.ActiveCfg = Debug|Any CPU
		{49B8A6CE-65C7-44F6-8A31-BD2A17E8A8FD}.Debug|iPhoneSimulator.Build.0 = Debug|Any CPU
		{49B8A6CE-65C7-44F6-8A31-BD2A17E8A8FD}.Release|Any CPU.ActiveCfg = Release|Any CPU
		{49B8A6CE-65C7-44F6-8A31-BD2A17E8A8FD}.Release|Any CPU.Build.0 = Release|Any CPU
		{49B8A6CE-65C7-44F6-8A31-BD2A17E8A8FD}.Release|iPhone.ActiveCfg = Release|Any CPU
		{49B8A6CE-65C7-44F6-8A31-BD2A17E8A8FD}.Release|iPhone.Build.0 = Release|Any CPU
		{49B8A6CE-65C7-44F6-8A31-BD2A17E8A8FD}.Release|iPhoneSimulator.ActiveCfg = Release|Any CPU
		{49B8A6CE-65C7-44F6-8A31-BD2A17E8A8FD}.Release|iPhoneSimulator.Build.0 = Release|Any CPU
		{CA506D76-2DCE-42A5-9567-666109C78C25}.Ad-Hoc|Any CPU.ActiveCfg = Debug|Any CPU
		{CA506D76-2DCE-42A5-9567-666109C78C25}.Ad-Hoc|Any CPU.Build.0 = Debug|Any CPU
		{CA506D76-2DCE-42A5-9567-666109C78C25}.Ad-Hoc|iPhone.ActiveCfg = Debug|Any CPU
		{CA506D76-2DCE-42A5-9567-666109C78C25}.Ad-Hoc|iPhone.Build.0 = Debug|Any CPU
		{CA506D76-2DCE-42A5-9567-666109C78C25}.Ad-Hoc|iPhoneSimulator.ActiveCfg = Debug|Any CPU
		{CA506D76-2DCE-42A5-9567-666109C78C25}.Ad-Hoc|iPhoneSimulator.Build.0 = Debug|Any CPU
		{CA506D76-2DCE-42A5-9567-666109C78C25}.AppStore|Any CPU.ActiveCfg = Debug|Any CPU
		{CA506D76-2DCE-42A5-9567-666109C78C25}.AppStore|Any CPU.Build.0 = Debug|Any CPU
		{CA506D76-2DCE-42A5-9567-666109C78C25}.AppStore|iPhone.ActiveCfg = Debug|Any CPU
		{CA506D76-2DCE-42A5-9567-666109C78C25}.AppStore|iPhone.Build.0 = Debug|Any CPU
		{CA506D76-2DCE-42A5-9567-666109C78C25}.AppStore|iPhoneSimulator.ActiveCfg = Debug|Any CPU
		{CA506D76-2DCE-42A5-9567-666109C78C25}.AppStore|iPhoneSimulator.Build.0 = Debug|Any CPU
		{CA506D76-2DCE-42A5-9567-666109C78C25}.Debug|Any CPU.ActiveCfg = Debug|Any CPU
		{CA506D76-2DCE-42A5-9567-666109C78C25}.Debug|Any CPU.Build.0 = Debug|Any CPU
		{CA506D76-2DCE-42A5-9567-666109C78C25}.Debug|iPhone.ActiveCfg = Debug|Any CPU
		{CA506D76-2DCE-42A5-9567-666109C78C25}.Debug|iPhone.Build.0 = Debug|Any CPU
		{CA506D76-2DCE-42A5-9567-666109C78C25}.Debug|iPhoneSimulator.ActiveCfg = Debug|Any CPU
		{CA506D76-2DCE-42A5-9567-666109C78C25}.Debug|iPhoneSimulator.Build.0 = Debug|Any CPU
		{CA506D76-2DCE-42A5-9567-666109C78C25}.Release|Any CPU.ActiveCfg = Release|Any CPU
		{CA506D76-2DCE-42A5-9567-666109C78C25}.Release|Any CPU.Build.0 = Release|Any CPU
		{CA506D76-2DCE-42A5-9567-666109C78C25}.Release|iPhone.ActiveCfg = Release|Any CPU
		{CA506D76-2DCE-42A5-9567-666109C78C25}.Release|iPhone.Build.0 = Release|Any CPU
		{CA506D76-2DCE-42A5-9567-666109C78C25}.Release|iPhoneSimulator.ActiveCfg = Release|Any CPU
		{CA506D76-2DCE-42A5-9567-666109C78C25}.Release|iPhoneSimulator.Build.0 = Release|Any CPU
	EndGlobalSection
	GlobalSection(SolutionProperties) = preSolution
		HideSolutionNode = FALSE
	EndGlobalSection
	GlobalSection(ExtensibilityGlobals) = postSolution
		SolutionGuid = {56292BE8-CB4D-495A-9949-C1CAFEC68BE8}
	EndGlobalSection
EndGlobal
